
Microsoft Visual Studio Solution File, Format Version 12.00
# Visual Studio Version 17
VisualStudioVersion = 17.5.33530.505
MinimumVisualStudioVersion = 10.0.40219.1
Project("{2150E333-8FDC-42A3-9474-1A3956D46DE8}") = "src", "src", "{C068F8DA-160E-4B93-AE1B-A58526CD6F28}"
EndProject
Project("{2150E333-8FDC-42A3-9474-1A3956D46DE8}") = "TelemetrySystem", "TelemetrySystem", "{767210FB-3C55-4EFB-A489-14DB6FC8CE5C}"
EndProject
Project("{9A19103F-16F7-4668-BE54-9A1E7A4F7556}") = "TelemetrySystem", "TelemetrySystem\TelemetrySystem.csproj", "{2A376525-79D6-4430-B1FE-0C37B81A2A27}"
EndProject
Project("{9A19103F-16F7-4668-BE54-9A1E7A4F7556}") = "TelemetrySystem.Test", "TelemetrySystem.Test\TelemetrySystem.Test.csproj", "{CE250BE0-9ACB-4D48-B7E4-F3DB7FCE36A4}"
EndProject
Project("{2150E333-8FDC-42A3-9474-1A3956D46DE8}") = "TirePressureMonitoringSystem", "TirePressureMonitoringSystem", "{6B7F3E57-B289-40E5-9D4D-6CED5B9073FF}"
EndProject
Project("{FAE04EC0-301F-11D3-BF4B-00C04F79EFBC}") = "TirePressureMonitoringSystem", "TirePressureMonitoringSystem\TirePressureMonitoringSystem.csproj", "{BD71BD8C-F6C9-4066-A09E-44F804DBD8EB}"
EndProject
Project("{FAE04EC0-301F-11D3-BF4B-00C04F79EFBC}") = "TirePressureMonitoringSystem.Test", "TirePressureMonitoringSystem.Test\TirePressureMonitoringSystem.Test.csproj", "{06136A02-8070-45A4-9603-0F380EF831EF}"
EndProject
Project("{2150E333-8FDC-42A3-9474-1A3956D46DE8}") = "TurnTicketDispenser", "TurnTicketDispenser", "{139A8A0B-1082-4171-A749-C3553B5C0A8F}"
EndProject
Project("{FAE04EC0-301F-11D3-BF4B-00C04F79EFBC}") = "TurnTicketDispenser", "TurnTicketDispenser\TurnTicketDispenser.csproj", "{54C32584-47B1-4AFB-B27E-7BD1283731E6}"
EndProject
Project("{FAE04EC0-301F-11D3-BF4B-00C04F79EFBC}") = "TurnTicketDispenser.Test", "TurnTicketDispenser.Test\TurnTicketDispenser.Test.csproj", "{1A86E16C-1A5E-4446-9B88-2196C2A9285E}"
EndProject
Project("{2150E333-8FDC-42A3-9474-1A3956D46DE8}") = "UnicodeFileToHtmlTextConverter", "UnicodeFileToHtmlTextConverter", "{3115837B-3872-4CE0-A60F-9011EDE46225}"
EndProject
Project("{FAE04EC0-301F-11D3-BF4B-00C04F79EFBC}") = "UnicodeFileToHtmlTextConverter", "UnicodeFileToHtmlTextConverter\UnicodeFileToHtmlTextConverter.csproj", "{624B81CF-B3FD-4ABF-8AC0-B1721536F4EA}"
EndProject
Project("{FAE04EC0-301F-11D3-BF4B-00C04F79EFBC}") = "UnicodeFileToHtmlTextConverterTest.Test", "UnicodeFileToHtmlTextConverterTest.Test\UnicodeFileToHtmlTextConverterTest.Test.csproj", "{8D6C97C0-8846-4457-8F2C-250C10168778}"
EndProject
Global
	GlobalSection(SolutionConfigurationPlatforms) = preSolution
		Debug|Any CPU = Debug|Any CPU
		Release|Any CPU = Release|Any CPU
	EndGlobalSection
	GlobalSection(ProjectConfigurationPlatforms) = postSolution
		{2A376525-79D6-4430-B1FE-0C37B81A2A27}.Debug|Any CPU.ActiveCfg = Debug|Any CPU
		{2A376525-79D6-4430-B1FE-0C37B81A2A27}.Debug|Any CPU.Build.0 = Debug|Any CPU
		{2A376525-79D6-4430-B1FE-0C37B81A2A27}.Release|Any CPU.ActiveCfg = Release|Any CPU
		{2A376525-79D6-4430-B1FE-0C37B81A2A27}.Release|Any CPU.Build.0 = Release|Any CPU
		{CE250BE0-9ACB-4D48-B7E4-F3DB7FCE36A4}.Debug|Any CPU.ActiveCfg = Debug|Any CPU
		{CE250BE0-9ACB-4D48-B7E4-F3DB7FCE36A4}.Debug|Any CPU.Build.0 = Debug|Any CPU
		{CE250BE0-9ACB-4D48-B7E4-F3DB7FCE36A4}.Release|Any CPU.ActiveCfg = Release|Any CPU
		{CE250BE0-9ACB-4D48-B7E4-F3DB7FCE36A4}.Release|Any CPU.Build.0 = Release|Any CPU
		{BD71BD8C-F6C9-4066-A09E-44F804DBD8EB}.Debug|Any CPU.ActiveCfg = Debug|Any CPU
		{BD71BD8C-F6C9-4066-A09E-44F804DBD8EB}.Debug|Any CPU.Build.0 = Debug|Any CPU
		{BD71BD8C-F6C9-4066-A09E-44F804DBD8EB}.Release|Any CPU.ActiveCfg = Release|Any CPU
		{BD71BD8C-F6C9-4066-A09E-44F804DBD8EB}.Release|Any CPU.Build.0 = Release|Any CPU
		{06136A02-8070-45A4-9603-0F380EF831EF}.Debug|Any CPU.ActiveCfg = Debug|Any CPU
		{06136A02-8070-45A4-9603-0F380EF831EF}.Debug|Any CPU.Build.0 = Debug|Any CPU
		{06136A02-8070-45A4-9603-0F380EF831EF}.Release|Any CPU.ActiveCfg = Release|Any CPU
		{06136A02-8070-45A4-9603-0F380EF831EF}.Release|Any CPU.Build.0 = Release|Any CPU
		{54C32584-47B1-4AFB-B27E-7BD1283731E6}.Debug|Any CPU.ActiveCfg = Debug|Any CPU
		{54C32584-47B1-4AFB-B27E-7BD1283731E6}.Debug|Any CPU.Build.0 = Debug|Any CPU
		{54C32584-47B1-4AFB-B27E-7BD1283731E6}.Release|Any CPU.ActiveCfg = Release|Any CPU
		{54C32584-47B1-4AFB-B27E-7BD1283731E6}.Release|Any CPU.Build.0 = Release|Any CPU
		{1A86E16C-1A5E-4446-9B88-2196C2A9285E}.Debug|Any CPU.ActiveCfg = Debug|Any CPU
		{1A86E16C-1A5E-4446-9B88-2196C2A9285E}.Debug|Any CPU.Build.0 = Debug|Any CPU
		{1A86E16C-1A5E-4446-9B88-2196C2A9285E}.Release|Any CPU.ActiveCfg = Release|Any CPU
		{1A86E16C-1A5E-4446-9B88-2196C2A9285E}.Release|Any CPU.Build.0 = Release|Any CPU
		{624B81CF-B3FD-4ABF-8AC0-B1721536F4EA}.Debug|Any CPU.ActiveCfg = Debug|Any CPU
		{624B81CF-B3FD-4ABF-8AC0-B1721536F4EA}.Debug|Any CPU.Build.0 = Debug|Any CPU
		{624B81CF-B3FD-4ABF-8AC0-B1721536F4EA}.Release|Any CPU.ActiveCfg = Release|Any CPU
		{624B81CF-B3FD-4ABF-8AC0-B1721536F4EA}.Release|Any CPU.Build.0 = Release|Any CPU
		{8D6C97C0-8846-4457-8F2C-250C10168778}.Debug|Any CPU.ActiveCfg = Debug|Any CPU
		{8D6C97C0-8846-4457-8F2C-250C10168778}.Debug|Any CPU.Build.0 = Debug|Any CPU
		{8D6C97C0-8846-4457-8F2C-250C10168778}.Release|Any CPU.ActiveCfg = Release|Any CPU
		{8D6C97C0-8846-4457-8F2C-250C10168778}.Release|Any CPU.Build.0 = Release|Any CPU
	EndGlobalSection
	GlobalSection(SolutionProperties) = preSolution
		HideSolutionNode = FALSE
	EndGlobalSection
	GlobalSection(NestedProjects) = preSolution
		{767210FB-3C55-4EFB-A489-14DB6FC8CE5C} = {C068F8DA-160E-4B93-AE1B-A58526CD6F28}
		{2A376525-79D6-4430-B1FE-0C37B81A2A27} = {767210FB-3C55-4EFB-A489-14DB6FC8CE5C}
		{CE250BE0-9ACB-4D48-B7E4-F3DB7FCE36A4} = {767210FB-3C55-4EFB-A489-14DB6FC8CE5C}
		{6B7F3E57-B289-40E5-9D4D-6CED5B9073FF} = {C068F8DA-160E-4B93-AE1B-A58526CD6F28}
		{BD71BD8C-F6C9-4066-A09E-44F804DBD8EB} = {6B7F3E57-B289-40E5-9D4D-6CED5B9073FF}
		{06136A02-8070-45A4-9603-0F380EF831EF} = {6B7F3E57-B289-40E5-9D4D-6CED5B9073FF}
		{139A8A0B-1082-4171-A749-C3553B5C0A8F} = {C068F8DA-160E-4B93-AE1B-A58526CD6F28}
		{54C32584-47B1-4AFB-B27E-7BD1283731E6} = {139A8A0B-1082-4171-A749-C3553B5C0A8F}
		{1A86E16C-1A5E-4446-9B88-2196C2A9285E} = {139A8A0B-1082-4171-A749-C3553B5C0A8F}
		{3115837B-3872-4CE0-A60F-9011EDE46225} = {C068F8DA-160E-4B93-AE1B-A58526CD6F28}
		{624B81CF-B3FD-4ABF-8AC0-B1721536F4EA} = {3115837B-3872-4CE0-A60F-9011EDE46225}
		{8D6C97C0-8846-4457-8F2C-250C10168778} = {3115837B-3872-4CE0-A60F-9011EDE46225}
	EndGlobalSection
	GlobalSection(ExtensibilityGlobals) = postSolution
		SolutionGuid = {D97675B2-26EA-4B02-98CA-519D5E29D3E1}
	EndGlobalSection
EndGlobal
